
Microsoft Visual Studio Solution File, Format Version 12.00
# Visual Studio 15
VisualStudioVersion = 15.0.26124.0
MinimumVisualStudioVersion = 15.0.26124.0
Project("{FAE04EC0-301F-11D3-BF4B-00C04F79EFBC}") = "StockWorm.Repository", "StockWorm.Repository\StockWorm.Repository.csproj", "{04627D8B-EBE9-48BD-864A-CE69D420C33F}"
EndProject
Project("{FAE04EC0-301F-11D3-BF4B-00C04F79EFBC}") = "StockWorm.Domain", "StockWorm.Domain\StockWorm.Domain.csproj", "{3CCAB0BB-59E5-4B55-AF65-91E096F93857}"
EndProject
Project("{FAE04EC0-301F-11D3-BF4B-00C04F79EFBC}") = "StockWorm.UnitTest", "StockWorm.UnitTest\StockWorm.UnitTest.csproj", "{5DA28CED-E044-45B1-88CE-CC8DAA8A9630}"
EndProject
Project("{FAE04EC0-301F-11D3-BF4B-00C04F79EFBC}") = "StockWorm.Wpf", "StockWorm.Wpf\StockWorm.Wpf.csproj", "{1F22C6AA-244D-48D6-A2F5-2BCF9DD71DEF}"
EndProject
Project("{FAE04EC0-301F-11D3-BF4B-00C04F79EFBC}") = "StockWorm.Utils", "StockWorm.Utils\StockWorm.Utils.csproj", "{93EB876E-E781-41D1-90AE-1BE562ECC912}"
EndProject
Global
	GlobalSection(SolutionConfigurationPlatforms) = preSolution
		Debug|Any CPU = Debug|Any CPU
		Debug|x64 = Debug|x64
		Debug|x86 = Debug|x86
		Release|Any CPU = Release|Any CPU
		Release|x64 = Release|x64
		Release|x86 = Release|x86
	EndGlobalSection
	GlobalSection(SolutionProperties) = preSolution
		HideSolutionNode = FALSE
	EndGlobalSection
	GlobalSection(ProjectConfigurationPlatforms) = postSolution
		{04627D8B-EBE9-48BD-864A-CE69D420C33F}.Debug|Any CPU.ActiveCfg = Debug|Any CPU
		{04627D8B-EBE9-48BD-864A-CE69D420C33F}.Debug|Any CPU.Build.0 = Debug|Any CPU
		{04627D8B-EBE9-48BD-864A-CE69D420C33F}.Debug|x64.ActiveCfg = Debug|Any CPU
		{04627D8B-EBE9-48BD-864A-CE69D420C33F}.Debug|x64.Build.0 = Debug|Any CPU
		{04627D8B-EBE9-48BD-864A-CE69D420C33F}.Debug|x86.ActiveCfg = Debug|Any CPU
		{04627D8B-EBE9-48BD-864A-CE69D420C33F}.Debug|x86.Build.0 = Debug|Any CPU
		{04627D8B-EBE9-48BD-864A-CE69D420C33F}.Release|Any CPU.ActiveCfg = Release|Any CPU
		{04627D8B-EBE9-48BD-864A-CE69D420C33F}.Release|Any CPU.Build.0 = Release|Any CPU
		{04627D8B-EBE9-48BD-864A-CE69D420C33F}.Release|x64.ActiveCfg = Release|Any CPU
		{04627D8B-EBE9-48BD-864A-CE69D420C33F}.Release|x64.Build.0 = Release|Any CPU
		{04627D8B-EBE9-48BD-864A-CE69D420C33F}.Release|x86.ActiveCfg = Release|Any CPU
		{04627D8B-EBE9-48BD-864A-CE69D420C33F}.Release|x86.Build.0 = Release|Any CPU
		{3CCAB0BB-59E5-4B55-AF65-91E096F93857}.Debug|Any CPU.ActiveCfg = Debug|Any CPU
		{3CCAB0BB-59E5-4B55-AF65-91E096F93857}.Debug|Any CPU.Build.0 = Debug|Any CPU
		{3CCAB0BB-59E5-4B55-AF65-91E096F93857}.Debug|x64.ActiveCfg = Debug|Any CPU
		{3CCAB0BB-59E5-4B55-AF65-91E096F93857}.Debug|x64.Build.0 = Debug|Any CPU
		{3CCAB0BB-59E5-4B55-AF65-91E096F93857}.Debug|x86.ActiveCfg = Debug|Any CPU
		{3CCAB0BB-59E5-4B55-AF65-91E096F93857}.Debug|x86.Build.0 = Debug|Any CPU
		{3CCAB0BB-59E5-4B55-AF65-91E096F93857}.Release|Any CPU.ActiveCfg = Release|Any CPU
		{3CCAB0BB-59E5-4B55-AF65-91E096F93857}.Release|Any CPU.Build.0 = Release|Any CPU
		{3CCAB0BB-59E5-4B55-AF65-91E096F93857}.Release|x64.ActiveCfg = Release|Any CPU
		{3CCAB0BB-59E5-4B55-AF65-91E096F93857}.Release|x64.Build.0 = Release|Any CPU
		{3CCAB0BB-59E5-4B55-AF65-91E096F93857}.Release|x86.ActiveCfg = Release|Any CPU
		{3CCAB0BB-59E5-4B55-AF65-91E096F93857}.Release|x86.Build.0 = Release|Any CPU
		{5DA28CED-E044-45B1-88CE-CC8DAA8A9630}.Debug|Any CPU.ActiveCfg = Debug|Any CPU
		{5DA28CED-E044-45B1-88CE-CC8DAA8A9630}.Debug|Any CPU.Build.0 = Debug|Any CPU
		{5DA28CED-E044-45B1-88CE-CC8DAA8A9630}.Debug|x64.ActiveCfg = Debug|Any CPU
		{5DA28CED-E044-45B1-88CE-CC8DAA8A9630}.Debug|x64.Build.0 = Debug|Any CPU
		{5DA28CED-E044-45B1-88CE-CC8DAA8A9630}.Debug|x86.ActiveCfg = Debug|Any CPU
		{5DA28CED-E044-45B1-88CE-CC8DAA8A9630}.Debug|x86.Build.0 = Debug|Any CPU
		{5DA28CED-E044-45B1-88CE-CC8DAA8A9630}.Release|Any CPU.ActiveCfg = Release|Any CPU
		{5DA28CED-E044-45B1-88CE-CC8DAA8A9630}.Release|Any CPU.Build.0 = Release|Any CPU
		{5DA28CED-E044-45B1-88CE-CC8DAA8A9630}.Release|x64.ActiveCfg = Release|Any CPU
		{5DA28CED-E044-45B1-88CE-CC8DAA8A9630}.Release|x64.Build.0 = Release|Any CPU
		{5DA28CED-E044-45B1-88CE-CC8DAA8A9630}.Release|x86.ActiveCfg = Release|Any CPU
		{5DA28CED-E044-45B1-88CE-CC8DAA8A9630}.Release|x86.Build.0 = Release|Any CPU
		{1F22C6AA-244D-48D6-A2F5-2BCF9DD71DEF}.Debug|Any CPU.ActiveCfg = Debug|Any CPU
		{1F22C6AA-244D-48D6-A2F5-2BCF9DD71DEF}.Debug|Any CPU.Build.0 = Debug|Any CPU
		{1F22C6AA-244D-48D6-A2F5-2BCF9DD71DEF}.Debug|x64.ActiveCfg = Debug|Any CPU
		{1F22C6AA-244D-48D6-A2F5-2BCF9DD71DEF}.Debug|x64.Build.0 = Debug|Any CPU
		{1F22C6AA-244D-48D6-A2F5-2BCF9DD71DEF}.Debug|x86.ActiveCfg = Debug|Any CPU
		{1F22C6AA-244D-48D6-A2F5-2BCF9DD71DEF}.Debug|x86.Build.0 = Debug|Any CPU
		{1F22C6AA-244D-48D6-A2F5-2BCF9DD71DEF}.Release|Any CPU.ActiveCfg = Release|Any CPU
		{1F22C6AA-244D-48D6-A2F5-2BCF9DD71DEF}.Release|Any CPU.Build.0 = Release|Any CPU
		{1F22C6AA-244D-48D6-A2F5-2BCF9DD71DEF}.Release|x64.ActiveCfg = Release|Any CPU
		{1F22C6AA-244D-48D6-A2F5-2BCF9DD71DEF}.Release|x64.Build.0 = Release|Any CPU
		{1F22C6AA-244D-48D6-A2F5-2BCF9DD71DEF}.Release|x86.ActiveCfg = Release|Any CPU
		{1F22C6AA-244D-48D6-A2F5-2BCF9DD71DEF}.Release|x86.Build.0 = Release|Any CPU
		{93EB876E-E781-41D1-90AE-1BE562ECC912}.Debug|Any CPU.ActiveCfg = Debug|Any CPU
		{93EB876E-E781-41D1-90AE-1BE562ECC912}.Debug|Any CPU.Build.0 = Debug|Any CPU
		{93EB876E-E781-41D1-90AE-1BE562ECC912}.Debug|x64.ActiveCfg = Debug|Any CPU
		{93EB876E-E781-41D1-90AE-1BE562ECC912}.Debug|x64.Build.0 = Debug|Any CPU
		{93EB876E-E781-41D1-90AE-1BE562ECC912}.Debug|x86.ActiveCfg = Debug|Any CPU
		{93EB876E-E781-41D1-90AE-1BE562ECC912}.Debug|x86.Build.0 = Debug|Any CPU
		{93EB876E-E781-41D1-90AE-1BE562ECC912}.Release|Any CPU.ActiveCfg = Release|Any CPU
		{93EB876E-E781-41D1-90AE-1BE562ECC912}.Release|Any CPU.Build.0 = Release|Any CPU
		{93EB876E-E781-41D1-90AE-1BE562ECC912}.Release|x64.ActiveCfg = Release|Any CPU
		{93EB876E-E781-41D1-90AE-1BE562ECC912}.Release|x64.Build.0 = Release|Any CPU
		{93EB876E-E781-41D1-90AE-1BE562ECC912}.Release|x86.ActiveCfg = Release|Any CPU
		{93EB876E-E781-41D1-90AE-1BE562ECC912}.Release|x86.Build.0 = Release|Any CPU
	EndGlobalSection
EndGlobal
